
Microsoft Visual Studio Solution File, Format Version 12.00
# Visual Studio Version 17
VisualStudioVersion = 17.8.34511.84
MinimumVisualStudioVersion = 10.0.40219.1
Project("{FAE04EC0-301F-11D3-BF4B-00C04F79EFBC}") = "PetShop", "PetShop\PetShop.csproj", "{BAB29945-A548-465A-9CDE-0BAB18E05FE0}"
EndProject
Global
	GlobalSection(SolutionConfigurationPlatforms) = preSolution
		Debug|Any CPU = Debug|Any CPU
		Release|Any CPU = Release|Any CPU
	EndGlobalSection
	GlobalSection(ProjectConfigurationPlatforms) = postSolution
		{BAB29945-A548-465A-9CDE-0BAB18E05FE0}.Debug|Any CPU.ActiveCfg = Debug|Any CPU
		{BAB29945-A548-465A-9CDE-0BAB18E05FE0}.Debug|Any CPU.Build.0 = Debug|Any CPU
		{BAB29945-A548-465A-9CDE-0BAB18E05FE0}.Release|Any CPU.ActiveCfg = Release|Any CPU
		{BAB29945-A548-465A-9CDE-0BAB18E05FE0}.Release|Any CPU.Build.0 = Release|Any CPU
	EndGlobalSection
	GlobalSection(SolutionProperties) = preSolution
		HideSolutionNode = FALSE
	EndGlobalSection
	GlobalSection(ExtensibilityGlobals) = postSolution
		SolutionGuid = {4907899D-667A-4529-8FD1-3536C0BD6086}
	EndGlobalSection
EndGlobal
